
Microsoft Visual Studio Solution File, Format Version 12.00
# Visual Studio Version 17
VisualStudioVersion = 17.3.32804.467
MinimumVisualStudioVersion = 10.0.40219.1
Project("{FAE04EC0-301F-11D3-BF4B-00C04F79EFBC}") = "cs-database-labs", "cs-database-labs.csproj", "{B1B77F77-4E55-49A9-84D5-218241888EBB}"
EndProject
Global
	GlobalSection(SolutionConfigurationPlatforms) = preSolution
		Debug|Any CPU = Debug|Any CPU
		Release|Any CPU = Release|Any CPU
	EndGlobalSection
	GlobalSection(ProjectConfigurationPlatforms) = postSolution
		{B1B77F77-4E55-49A9-84D5-218241888EBB}.Debug|Any CPU.ActiveCfg = Debug|Any CPU
		{B1B77F77-4E55-49A9-84D5-218241888EBB}.Debug|Any CPU.Build.0 = Debug|Any CPU
		{B1B77F77-4E55-49A9-84D5-218241888EBB}.Release|Any CPU.ActiveCfg = Release|Any CPU
		{B1B77F77-4E55-49A9-84D5-218241888EBB}.Release|Any CPU.Build.0 = Release|Any CPU
	EndGlobalSection
	GlobalSection(SolutionProperties) = preSolution
		HideSolutionNode = FALSE
	EndGlobalSection
	GlobalSection(ExtensibilityGlobals) = postSolution
		SolutionGuid = {8686D081-6447-4507-AB52-F326B404EF01}
	EndGlobalSection
EndGlobal
